Microsoft Visual Studio Solution File, Format Version 12.00
# Visual Studio Version 17
VisualStudioVersion = 17.5.2.0
MinimumVisualStudioVersion = 10.0.40219.1
Project("{FAE04EC0-301F-11D3-BF4B-00C04F79EFBC}") = "az-fn-sql-test", "az-fn-sql-test.csproj", "{62FA5743-1D2A-1CFD-47D9-CE0F756554B6}"
EndProject
Global
	GlobalSection(SolutionConfigurationPlatforms) = preSolution
		Debug|Any CPU = Debug|Any CPU
		Release|Any CPU = Release|Any CPU
	EndGlobalSection
	GlobalSection(ProjectConfigurationPlatforms) = postSolution
		{62FA5743-1D2A-1CFD-47D9-CE0F756554B6}.Debug|Any CPU.ActiveCfg = Debug|Any CPU
		{62FA5743-1D2A-1CFD-47D9-CE0F756554B6}.Debug|Any CPU.Build.0 = Debug|Any CPU
		{62FA5743-1D2A-1CFD-47D9-CE0F756554B6}.Release|Any CPU.ActiveCfg = Release|Any CPU
		{62FA5743-1D2A-1CFD-47D9-CE0F756554B6}.Release|Any CPU.Build.0 = Release|Any CPU
	EndGlobalSection
	GlobalSection(SolutionProperties) = preSolution
		HideSolutionNode = FALSE
	EndGlobalSection
	GlobalSection(ExtensibilityGlobals) = postSolution
		SolutionGuid = {91542B20-CAFE-4FF7-B20A-399F516DA977}
	EndGlobalSection
EndGlobal
